{
  "name": "opine",
  "lockfileVersion": 2,
  "requires": true,
  "packages": {
    "": {
      "name": "opine",
      "dependencies": {
        "immer": "^9.0.15",
        "lodash.mapvalues": "^4.6.0",
        "prettier": "^2.7.1",
        "react": "^18.2.0"
      }
    },
    "node_modules/immer": {
      "version": "9.0.15",
      "resolved": "https://registry.npmjs.org/immer/-/immer-9.0.15.tgz",
      "integrity": "sha512-2eB/sswms9AEUSkOm4SbV5Y7Vmt/bKRwByd52jfLkW4OLYeaTP3EEiJ9agqU0O/tq6Dk62Zfj+TJSqfm1rLVGQ==",
      "funding": {
        "type": "opencollective",
        "url": "https://opencollective.com/immer"
      }
    },
    "node_modules/js-tokens": {
      "version": "4.0.0",
      "resolved": "https://registry.npmjs.org/js-tokens/-/js-tokens-4.0.0.tgz",
      "integrity": "sha512-RdJUflcE3cUzKiMqQgsCu06FPu9UdIJO0beYbPhHN4k6apgJtifcoCtT9bcxOpYBtpD2kCM6Sbzg4CausW/PKQ=="
    },
    "node_modules/lodash.mapvalues": {
      "version": "4.6.0",
      "resolved": "https://registry.npmjs.org/lodash.mapvalues/-/lodash.mapvalues-4.6.0.tgz",
      "integrity": "sha512-JPFqXFeZQ7BfS00H58kClY7SPVeHertPE0lNuCyZ26/XlN8TvakYD7b9bGyNmXbT/D3BbtPAAmq90gPWqLkxlQ=="
    },
    "node_modules/loose-envify": {
      "version": "1.4.0",
      "resolved": "https://registry.npmjs.org/loose-envify/-/loose-envify-1.4.0.tgz",
      "integrity": "sha512-lyuxPGr/Wfhrlem2CL/UcnUc1zcqKAImBDzukY7Y5F/yQiNdko6+fRLevlw1HgMySw7f611UIY408EtxRSoK3Q==",
      "dependencies": {
        "js-tokens": "^3.0.0 || ^4.0.0"
      },
      "bin": {
        "loose-envify": "cli.js"
      }
    },
    "node_modules/prettier": {
      "version": "2.7.1",
      "resolved": "https://registry.npmjs.org/prettier/-/prettier-2.7.1.tgz",
      "integrity": "sha512-ujppO+MkdPqoVINuDFDRLClm7D78qbDt0/NR+wp5FqEZOoTNAjPHWj17QRhu7geIHJfcNhRk1XVQmF8Bp3ye+g==",
      "bin": {
        "prettier": "bin-prettier.js"
      },
      "engines": {
        "node": ">=10.13.0"
      },
      "funding": {
        "url": "https://github.com/prettier/prettier?sponsor=1"
      }
    },
    "node_modules/react": {
      "version": "18.2.0",
      "resolved": "https://registry.npmjs.org/react/-/react-18.2.0.tgz",
      "integrity": "sha512-/3IjMdb2L9QbBdWiW5e3P2/npwMBaU9mHCSCUzNln0ZCYbcfTsGbTJrU/kGemdH2IWmB2ioZ+zkxtmq6g09fGQ==",
      "dependencies": {
        "loose-envify": "^1.1.0"
      },
      "engines": {
        "node": ">=0.10.0"
      }
    }
  },
  "dependencies": {
    "immer": {
      "version": "9.0.15",
      "resolved": "https://registry.npmjs.org/immer/-/immer-9.0.15.tgz",
      "integrity": "sha512-2eB/sswms9AEUSkOm4SbV5Y7Vmt/bKRwByd52jfLkW4OLYeaTP3EEiJ9agqU0O/tq6Dk62Zfj+TJSqfm1rLVGQ=="
    },
    "js-tokens": {
      "version": "4.0.0",
      "resolved": "https://registry.npmjs.org/js-tokens/-/js-tokens-4.0.0.tgz",
      "integrity": "sha512-RdJUflcE3cUzKiMqQgsCu06FPu9UdIJO0beYbPhHN4k6apgJtifcoCtT9bcxOpYBtpD2kCM6Sbzg4CausW/PKQ=="
    },
    "lodash.mapvalues": {
      "version": "4.6.0",
      "resolved": "https://registry.npmjs.org/lodash.mapvalues/-/lodash.mapvalues-4.6.0.tgz",
      "integrity": "sha512-JPFqXFeZQ7BfS00H58kClY7SPVeHertPE0lNuCyZ26/XlN8TvakYD7b9bGyNmXbT/D3BbtPAAmq90gPWqLkxlQ=="
    },
    "loose-envify": {
      "version": "1.4.0",
      "resolved": "https://registry.npmjs.org/loose-envify/-/loose-envify-1.4.0.tgz",
      "integrity": "sha512-lyuxPGr/Wfhrlem2CL/UcnUc1zcqKAImBDzukY7Y5F/yQiNdko6+fRLevlw1HgMySw7f611UIY408EtxRSoK3Q==",
      "requires": {
        "js-tokens": "^3.0.0 || ^4.0.0"
      }
    },
    "prettier": {
      "version": "2.7.1",
      "resolved": "https://registry.npmjs.org/prettier/-/prettier-2.7.1.tgz",
      "integrity": "sha512-ujppO+MkdPqoVINuDFDRLClm7D78qbDt0/NR+wp5FqEZOoTNAjPHWj17QRhu7geIHJfcNhRk1XVQmF8Bp3ye+g=="
    },
    "react": {
      "version": "18.2.0",
      "resolved": "https://registry.npmjs.org/react/-/react-18.2.0.tgz",
      "integrity": "sha512-/3IjMdb2L9QbBdWiW5e3P2/npwMBaU9mHCSCUzNln0ZCYbcfTsGbTJrU/kGemdH2IWmB2ioZ+zkxtmq6g09fGQ==",
      "requires": {
        "loose-envify": "^1.1.0"
      }
    }
  }
}
